
Microsoft Visual Studio Solution File, Format Version 12.00
# Visual Studio 2012
Project("{FAE04EC0-301F-11D3-BF4B-00C04F79EFBC}") = "Mvc4Application1", "Mvc4Application1\Mvc4Application1.csproj", "{6452DFEB-8E3A-4D90-A509-51BB5881DEB9}"
EndProject
Project("{FAE04EC0-301F-11D3-BF4B-00C04F79EFBC}") = "Mvc4Application1.Tests", "Mvc4Application1.Tests\Mvc4Application1.Tests.csproj", "{BA5AABB3-596C-4F04-9B90-D60CEDE33958}"
EndProject
Global
	GlobalSection(SolutionConfigurationPlatforms) = preSolution
		Debug|Any CPU = Debug|Any CPU
		Release|Any CPU = Release|Any CPU
	EndGlobalSection
	GlobalSection(ProjectConfigurationPlatforms) = postSolution
		{6452DFEB-8E3A-4D90-A509-51BB5881DEB9}.Debug|Any CPU.ActiveCfg = Debug|Any CPU
		{6452DFEB-8E3A-4D90-A509-51BB5881DEB9}.Debug|Any CPU.Build.0 = Debug|Any CPU
		{6452DFEB-8E3A-4D90-A509-51BB5881DEB9}.Release|Any CPU.ActiveCfg = Release|Any CPU
		{6452DFEB-8E3A-4D90-A509-51BB5881DEB9}.Release|Any CPU.Build.0 = Release|Any CPU
		{BA5AABB3-596C-4F04-9B90-D60CEDE33958}.Debug|Any CPU.ActiveCfg = Debug|Any CPU
		{BA5AABB3-596C-4F04-9B90-D60CEDE33958}.Debug|Any CPU.Build.0 = Debug|Any CPU
		{BA5AABB3-596C-4F04-9B90-D60CEDE33958}.Release|Any CPU.ActiveCfg = Release|Any CPU
		{BA5AABB3-596C-4F04-9B90-D60CEDE33958}.Release|Any CPU.Build.0 = Release|Any CPU
	EndGlobalSection
	GlobalSection(SolutionProperties) = preSolution
		HideSolutionNode = FALSE
	EndGlobalSection
EndGlobal
